{
  "version": "5",
  "specifiers": {
    "npm:@anthropic-ai/sdk@0.131.0": "0.131.0_zod@4.6.5",
    "npm:@hono/zod-openapi@1.6.3": "1.6.3_hono@4.13.13_zod@4.6.5",
    "npm:hash-wasm@4.12.0": "4.12.0",
    "npm:hono@4.13.13": "4.13.13",
    "npm:jose@6.2.12": "6.2.12",
    "npm:postgres@3.4.9": "3.4.9",
    "npm:zod@4.6.5": "4.6.5"
  },
  "npm": {
    "@anthropic-ai/sdk@0.131.0_zod@4.6.5": {
      "integrity": "sha512-9+PepoU7qVMmM70jSahdnfcMHAvAnzhMOLv2W9WjRLO+OG/MAiBETkwKZqv7KIJ1Cj5h8eZ019bHzZaq+Mbepw==",
      "dependencies": [
        "json-schema-to-ts",
        "standardwebhooks",
        "zod"
      ],
      "optionalPeers": [
        "zod"
      ],
      "bin": true
    },
    "@asteasolutions/zod-to-openapi@9.1.0_zod@4.6.5": {
      "integrity": "sha512-pLMeRgRYS7/vZIgAAkOe2P6+XGTifR1MT9pqDoxZ11EmcJJ+DPmdPqLN8ZZF4U8R9KHCCQCS9c2wtuE8wSrfkw==",
      "dependencies": [
        "openapi3-ts",
        "zod"
      ]
    },
    "@babel/runtime@7.29.7": {
      "integrity": "sha512-Nq8OhGWiZIZGV6hLHoyAKLLcJihP/xFeBMGJoUrxTX2psI8dCifzLhZISFb+VWS3wFMRDmCGw5R+dOySCqPLhw=="
    },
    "@hono/zod-openapi@1.6.3_hono@4.13.13_zod@4.6.5": {
      "integrity": "sha512-VYR82Y60plu8g3pN60OUXMVKpmxh3R04Qs++3DY9vtwZ9/sA/BRY0PcRIR+Z37/3itWtM7pYwT9bKiH9JhqV6Q==",
      "dependencies": [
        "@asteasolutions/zod-to-openapi",
        "@hono/zod-validator",
        "hono",
        "openapi3-ts",
        "zod"
      ]
    },
    "@hono/zod-validator@0.9.1_hono@4.13.13_zod@4.6.5": {
      "integrity": "sha512-iiv6w0qrIc0arfvCtUqBWsvl4fXjzaTcQcCJTTtCnkawF9HHGE+KjEl0ox3gQJ6rKZEgE3mLExlQCF72M+mNuw==",
      "dependencies": [
        "hono",
        "zod"
      ]
    },
    "@stablelib/base64@1.0.1": {
      "integrity": "sha512-1bnPQqSxSuc3Ii6MhBysoWCg58j97aUjuCSZrGSmDxNqtytIi0k8utUenAwTZN4V5mXXYGsVUI9zeBqy+jBOSQ=="
    },
    "fast-sha256@1.3.0": {
      "integrity": "sha512-n11RGP/lrWEFI/bWdygLxhI+pVeo1ZYIVwvvPkW7azl/rOy+F3HYRZ2K5zeE9mmkhQppyv9sQFx0JM9UabnpPQ=="
    },
    "hash-wasm@4.12.0": {
      "integrity": "sha512-+/2B2rYLb48I/evdOIhP+K/DD2ca2fgBjp6O+GBEnCDk2e4rpeXIK8GvIyRPjTezgmWn9gmKwkQjjx6BtqDHVQ=="
    },
    "hono@4.13.13": {
      "integrity": "sha512-CQ46U0ZkAGmbT/4UxdzzGJpacP2IeKgY4a5/tOI9AABbpOMfK739wfDXmv1usCk+3RkKj1hQy4/fjhiwa2xlrA=="
    },
    "jose@6.2.12": {
      "integrity": "sha512-9NiFmJEex0sy2Dk58j2UGBSHgUs2ypF9eZSu4L6vjOX3Dp96Sw1F3uL+H+D1sx02jZZdzUT0HgvCy59CuvXcWw=="
    },
    "json-schema-to-ts@3.1.1": {
      "integrity": "sha512-+DWg8jCJG2TEnpy7kOm/7/AxaYoaRbjVB4LFZLySZlWn8exGs3A4OLJR966cVvU26N7X9TWxl+Jsw7dzAqKT6g==",
      "dependencies": [
        "@babel/runtime",
        "ts-algebra"
      ]
    },
    "openapi3-ts@4.6.1": {
      "integrity": "sha512-XW9MOldkhoICNeXVzzmXzmOW5G73ppOEGmh7fLCqHjgfdEYCGGN+00MlVCeUZgovjjfC56j9tvtDt1zGabNjjA==",
      "dependencies": [
        "yaml"
      ]
    },
    "postgres@3.4.9": {
      "integrity": "sha512-GD3qdB0x1z9xgFI6cdRD6xu2Sp2WCOEoe3mtnyB5Ee0XrrL5Pe+e4CCnJrRMnL1zYtRDZmQQVbvOttLnKDLnaw=="
    },
    "standardwebhooks@1.1.1": {
      "integrity": "sha512-bCbX9ZEyFkWPsRz7Bl3NuQUJohmwGSev/yhr7vhaGPlc4AfIrspIRa6cPTBuI1ItmrTDJ4d/S2hCsfe4+vQGnQ==",
      "dependencies": [
        "@stablelib/base64",
        "fast-sha256"
      ]
    },
    "ts-algebra@2.0.0": {
      "integrity": "sha512-FPAhNPFMrkwz76P7cdjdmiShwMynZYN6SgOujD1urY4oNm80Ou9oMdmbR45LotcKOXoy7wSmHkRFE6Mxbrhefw=="
    },
    "yaml@2.9.1": {
      "integrity": "sha512-3NxN8+78OdzbT7C/WjGsyfPAtJaN3FNDsWxv7Y7mcDsT/oOmgW8BpyQQFFBnvZE3j9Y2Sdz1ULFLezL7Eb2yFw==",
      "bin": true
    },
    "zod@4.6.5": {
      "integrity": "sha512-v5l/aFXZQeai4awLbOpSoHecE9UiMrnfx75tEXLjNonXVARxQ5mOeipTjROUchszUNCqnE+hqAMujRsRHsut2Q=="
    }
  },
  "workspace": {
    "dependencies": [
      "npm:@anthropic-ai/sdk@0.131.0",
      "npm:@hono/zod-openapi@1.6.3",
      "npm:hash-wasm@4.12.0",
      "npm:hono@4.13.13",
      "npm:jose@6.2.12",
      "npm:openapi-fetch@0.17.0",
      "npm:postgres@3.4.9",
      "npm:zod@4.6.5"
    ],
    "packageJson": {
      "dependencies": [
        "npm:@hono/zod-openapi@^1.6.3",
        "npm:deno@^2.9.6",
        "npm:hash-wasm@4.12.0",
        "npm:hono@^4.13.13",
        "npm:jose@6.2.12",
        "npm:postgres@^3.4.9",
        "npm:zod@^4.6.5"
      ]
    }
  }
}
